
Microsoft Visual Studio Solution File, Format Version 12.00
# Visual Studio Version 17
VisualStudioVersion = 17.13.35919.96 d17.13
MinimumVisualStudioVersion = 10.0.40219.1
Project("{FAE04EC0-301F-11D3-BF4B-00C04F79EFBC}") = "server-hatde", "server-hatde\server-hatde.csproj", "{304494F5-4195-42EF-8C91-9549A2A03EE6}"
EndProject
Global
	GlobalSection(SolutionConfigurationPlatforms) = preSolution
		Debug|Any CPU = Debug|Any CPU
		Release|Any CPU = Release|Any CPU
	EndGlobalSection
	GlobalSection(ProjectConfigurationPlatforms) = postSolution
		{304494F5-4195-42EF-8C91-9549A2A03EE6}.Debug|Any CPU.ActiveCfg = Debug|Any CPU
		{304494F5-4195-42EF-8C91-9549A2A03EE6}.Debug|Any CPU.Build.0 = Debug|Any CPU
		{304494F5-4195-42EF-8C91-9549A2A03EE6}.Release|Any CPU.ActiveCfg = Release|Any CPU
		{304494F5-4195-42EF-8C91-9549A2A03EE6}.Release|Any CPU.Build.0 = Release|Any CPU
	EndGlobalSection
	GlobalSection(SolutionProperties) = preSolution
		HideSolutionNode = FALSE
	EndGlobalSection
	GlobalSection(ExtensibilityGlobals) = postSolution
		SolutionGuid = {B8A43D40-6C32-4B0F-AAC4-C5CCB5476E7C}
	EndGlobalSection
EndGlobal
